
Microsoft Visual Studio Solution File, Format Version 12.00
# Visual Studio 2013
VisualStudioVersion = 12.0.31101.0
MinimumVisualStudioVersion = 10.0.40219.1
Project("{2150E333-8FDC-42A3-9474-1A3956D46DE8}") = "Solution Items", "Solution Items", "{D2DCF98F-6918-4A4E-A9C4-00F9AC68E11B}"
	ProjectSection(SolutionItems) = preProject
		.gitattributes = .gitattributes
		.gitignore = .gitignore
	EndProjectSection
EndProject
Project("{FAE04EC0-301F-11D3-BF4B-00C04F79EFBC}") = "MC10", "MC10\MC10.csproj", "{250DE2CF-BD50-4ABF-A4E9-D7058CD98DEE}"
EndProject
Project("{FAE04EC0-301F-11D3-BF4B-00C04F79EFBC}") = "MC10.SupportLib", "MC10.SupportLib\MC10.SupportLib.csproj", "{876D7776-2B92-49F0-A962-31CB58AD5AFD}"
EndProject
Project("{FAE04EC0-301F-11D3-BF4B-00C04F79EFBC}") = "MC10.UnitTests", "MC10.UnitTests\MC10.UnitTests.csproj", "{36F4232E-3275-44FF-9B8E-2E9FCF3BA14C}"
EndProject
Project("{8BC9CEB8-8B4A-11D0-8D11-00A0C91BC942}") = "MC10.Native", "MC10.Native\MC10.Native.vcxproj", "{531754A6-9F5E-497B-B81F-D0FDA5A1809A}"
EndProject
Global
	GlobalSection(SolutionConfigurationPlatforms) = preSolution
		Debug|Any CPU = Debug|Any CPU
		Debug|Mixed Platforms = Debug|Mixed Platforms
		Debug|Win32 = Debug|Win32
		Release|Any CPU = Release|Any CPU
		Release|Mixed Platforms = Release|Mixed Platforms
		Release|Win32 = Release|Win32
	EndGlobalSection
	GlobalSection(ProjectConfigurationPlatforms) = postSolution
		{250DE2CF-BD50-4ABF-A4E9-D7058CD98DEE}.Debug|Any CPU.ActiveCfg = Debug|Any CPU
		{250DE2CF-BD50-4ABF-A4E9-D7058CD98DEE}.Debug|Any CPU.Build.0 = Debug|Any CPU
		{250DE2CF-BD50-4ABF-A4E9-D7058CD98DEE}.Debug|Mixed Platforms.ActiveCfg = Debug|Any CPU
		{250DE2CF-BD50-4ABF-A4E9-D7058CD98DEE}.Debug|Mixed Platforms.Build.0 = Debug|Any CPU
		{250DE2CF-BD50-4ABF-A4E9-D7058CD98DEE}.Debug|Win32.ActiveCfg = Debug|Any CPU
		{250DE2CF-BD50-4ABF-A4E9-D7058CD98DEE}.Release|Any CPU.ActiveCfg = Release|Any CPU
		{250DE2CF-BD50-4ABF-A4E9-D7058CD98DEE}.Release|Any CPU.Build.0 = Release|Any CPU
		{250DE2CF-BD50-4ABF-A4E9-D7058CD98DEE}.Release|Mixed Platforms.ActiveCfg = Release|Any CPU
		{250DE2CF-BD50-4ABF-A4E9-D7058CD98DEE}.Release|Mixed Platforms.Build.0 = Release|Any CPU
		{250DE2CF-BD50-4ABF-A4E9-D7058CD98DEE}.Release|Win32.ActiveCfg = Release|Any CPU
		{876D7776-2B92-49F0-A962-31CB58AD5AFD}.Debug|Any CPU.ActiveCfg = Debug|Any CPU
		{876D7776-2B92-49F0-A962-31CB58AD5AFD}.Debug|Any CPU.Build.0 = Debug|Any CPU
		{876D7776-2B92-49F0-A962-31CB58AD5AFD}.Debug|Mixed Platforms.ActiveCfg = Debug|Any CPU
		{876D7776-2B92-49F0-A962-31CB58AD5AFD}.Debug|Mixed Platforms.Build.0 = Debug|Any CPU
		{876D7776-2B92-49F0-A962-31CB58AD5AFD}.Debug|Win32.ActiveCfg = Debug|Any CPU
		{876D7776-2B92-49F0-A962-31CB58AD5AFD}.Release|Any CPU.ActiveCfg = Release|Any CPU
		{876D7776-2B92-49F0-A962-31CB58AD5AFD}.Release|Any CPU.Build.0 = Release|Any CPU
		{876D7776-2B92-49F0-A962-31CB58AD5AFD}.Release|Mixed Platforms.ActiveCfg = Release|Any CPU
		{876D7776-2B92-49F0-A962-31CB58AD5AFD}.Release|Mixed Platforms.Build.0 = Release|Any CPU
		{876D7776-2B92-49F0-A962-31CB58AD5AFD}.Release|Win32.ActiveCfg = Release|Any CPU
		{36F4232E-3275-44FF-9B8E-2E9FCF3BA14C}.Debug|Any CPU.ActiveCfg = Debug|Any CPU
		{36F4232E-3275-44FF-9B8E-2E9FCF3BA14C}.Debug|Any CPU.Build.0 = Debug|Any CPU
		{36F4232E-3275-44FF-9B8E-2E9FCF3BA14C}.Debug|Mixed Platforms.ActiveCfg = Debug|Any CPU
		{36F4232E-3275-44FF-9B8E-2E9FCF3BA14C}.Debug|Mixed Platforms.Build.0 = Debug|Any CPU
		{36F4232E-3275-44FF-9B8E-2E9FCF3BA14C}.Debug|Win32.ActiveCfg = Debug|Any CPU
		{36F4232E-3275-44FF-9B8E-2E9FCF3BA14C}.Release|Any CPU.ActiveCfg = Release|Any CPU
		{36F4232E-3275-44FF-9B8E-2E9FCF3BA14C}.Release|Any CPU.Build.0 = Release|Any CPU
		{36F4232E-3275-44FF-9B8E-2E9FCF3BA14C}.Release|Mixed Platforms.ActiveCfg = Release|Any CPU
		{36F4232E-3275-44FF-9B8E-2E9FCF3BA14C}.Release|Mixed Platforms.Build.0 = Release|Any CPU
		{36F4232E-3275-44FF-9B8E-2E9FCF3BA14C}.Release|Win32.ActiveCfg = Release|Any CPU
		{531754A6-9F5E-497B-B81F-D0FDA5A1809A}.Debug|Any CPU.ActiveCfg = Debug|Win32
		{531754A6-9F5E-497B-B81F-D0FDA5A1809A}.Debug|Mixed Platforms.ActiveCfg = Debug|Win32
		{531754A6-9F5E-497B-B81F-D0FDA5A1809A}.Debug|Mixed Platforms.Build.0 = Debug|Win32
		{531754A6-9F5E-497B-B81F-D0FDA5A1809A}.Debug|Win32.ActiveCfg = Debug|Win32
		{531754A6-9F5E-497B-B81F-D0FDA5A1809A}.Debug|Win32.Build.0 = Debug|Win32
		{531754A6-9F5E-497B-B81F-D0FDA5A1809A}.Release|Any CPU.ActiveCfg = Release|Win32
		{531754A6-9F5E-497B-B81F-D0FDA5A1809A}.Release|Mixed Platforms.ActiveCfg = Release|Win32
		{531754A6-9F5E-497B-B81F-D0FDA5A1809A}.Release|Mixed Platforms.Build.0 = Release|Win32
		{531754A6-9F5E-497B-B81F-D0FDA5A1809A}.Release|Win32.ActiveCfg = Release|Win32
		{531754A6-9F5E-497B-B81F-D0FDA5A1809A}.Release|Win32.Build.0 = Release|Win32
	EndGlobalSection
	GlobalSection(SolutionProperties) = preSolution
		HideSolutionNode = FALSE
	EndGlobalSection
	GlobalSection(TestCaseManagementSettings) = postSolution
		CategoryFile = MC10.vsmdi
	EndGlobalSection
EndGlobal
